// !$*UTF8*$!
{
	archiveVersion = 1;
	classes = {
	};
	objectVersion = 50;
	objects = {

/* Begin PBXBuildFile section */
		F049B588219371FA00B1A8E9 /* ArtCollectionViewController.swift in Sources */ = {isa = PBXBuildFile; fileRef = F049B587219371FA00B1A8E9 /* ArtCollectionViewController.swift */; };
		F049B58A2193817F00B1A8E9 /* ArtCell.swift in Sources */ = {isa = PBXBuildFile; fileRef = F049B5892193817F00B1A8E9 /* ArtCell.swift */; };
		F0D20A25218B73360014E08E /* AppDelegate.swift in Sources */ = {isa = PBXBuildFile; fileRef = F0D20A24218B73360014E08E /* AppDelegate.swift */; };
		F0D20A27218B73360014E08E /* DrawingViewController.swift in Sources */ = {isa = PBXBuildFile; fileRef = F0D20A26218B73360014E08E /* DrawingViewController.swift */; };
		F0D20A2A218B73360014E08E /* Main.storyboard in Resources */ = {isa = PBXBuildFile; fileRef = F0D20A28218B73360014E08E /* Main.storyboard */; };
		F0D20A2C218B73370014E08E /* Assets.xcassets in Resources */ = {isa = PBXBuildFile; fileRef = F0D20A2B218B73370014E08E /* Assets.xcassets */; };
		F0D20A2F218B73370014E08E /* LaunchScreen.storyboard in Resources */ = {isa = PBXBuildFile; fileRef = F0D20A2D218B73370014E08E /* LaunchScreen.storyboard */; };
		F0D20A3A218B7D130014E08E /* DrawingView.swift in Sources */ = {isa = PBXBuildFile; fileRef = F0D20A39218B7D130014E08E /* DrawingView.swift */; };
/* End PBXBuildFile section */

/* Begin PBXFileReference section */
		F049B587219371FA00B1A8E9 /* ArtCollectionViewController.swift */ = {isa = PBXFileReference; lastKnownFileType = sourcecode.swift; path = ArtCollectionViewController.swift; sourceTree = "<group>"; };
		F049B5892193817F00B1A8E9 /* ArtCell.swift */ = {isa = PBXFileReference; lastKnownFileType = sourcecode.swift; path = ArtCell.swift; sourceTree = "<group>"; };
		F0D20A21218B73360014E08E /* DrawingProject.app */ = {isa = PBXFileReference; explicitFileType = wrapper.application; includeInIndex = 0; path = DrawingProject.app; sourceTree = BUILT_PRODUCTS_DIR; };
		F0D20A24218B73360014E08E /* AppDelegate.swift */ = {isa = PBXFileReference; lastKnownFileType = sourcecode.swift; path = AppDelegate.swift; sourceTree = "<group>"; };
		F0D20A26218B73360014E08E /* DrawingViewController.swift */ = {isa = PBXFileReference; lastKnownFileType = sourcecode.swift; path = DrawingViewController.swift; sourceTree = "<group>"; };
		F0D20A29218B73360014E08E /* Base */ = {isa = PBXFileReference; lastKnownFileType = file.storyboard; name = Base; path = Base.lproj/Main.storyboard; sourceTree = "<group>"; };
		F0D20A2B218B73370014E08E /* Assets.xcassets */ = {isa = PBXFileReference; lastKnownFileType = folder.assetcatalog; path = Assets.xcassets; sourceTree = "<group>"; };
		F0D20A2E218B73370014E08E /* Base */ = {isa = PBXFileReference; lastKnownFileType = file.storyboard; name = Base; path = Base.lproj/LaunchScreen.storyboard; sourceTree = "<group>"; };
		F0D20A30218B73370014E08E /* Info.plist */ = {isa = PBXFileReference; lastKnownFileType = text.plist.xml; path = Info.plist; sourceTree = "<group>"; };
		F0D20A39218B7D130014E08E /* DrawingView.swift */ = {isa = PBXFileReference; lastKnownFileType = sourcecode.swift; path = DrawingView.swift; sourceTree = "<group>"; };
/* End PBXFileReference section */

/* Begin PBXFrameworksBuildPhase section */
		F0D20A1E218B73360014E08E /* Frameworks */ = {
			isa = PBXFrameworksBuildPhase;
			buildActionMask = 2147483647;
			files = (
			);
			runOnlyForDeploymentPostprocessing = 0;
		};
/* End PBXFrameworksBuildPhase section */

/* Begin PBXGroup section */
		F0D20A18218B73350014E08E = {
			isa = PBXGroup;
			children = (
				F0D20A23218B73360014E08E /* DrawingProject */,
				F0D20A22218B73360014E08E /* Products */,
			);
			sourceTree = "<group>";
		};
		F0D20A22218B73360014E08E /* Products */ = {
			isa = PBXGroup;
			children = (
				F0D20A21218B73360014E08E /* DrawingProject.app */,
			);
			name = Products;
			sourceTree = "<group>";
		};
		F0D20A23218B73360014E08E /* DrawingProject */ = {
			isa = PBXGroup;
			children = (
				F0D20A36218B73630014E08E /* Resources */,
				F0D20A38218B737B0014E08E /* Controller */,
				F0D20A37218B73750014E08E /* View */,
			);
			path = DrawingProject;
			sourceTree = "<group>";
		};
		F0D20A36218B73630014E08E /* Resources */ = {
			isa = PBXGroup;
			children = (
				F0D20A24218B73360014E08E /* AppDelegate.swift */,
				F0D20A2B218B73370014E08E /* Assets.xcassets */,
				F0D20A30218B73370014E08E /* Info.plist */,
			);
			path = Resources;
			sourceTree = "<group>";
		};
		F0D20A37218B73750014E08E /* View */ = {
			isa = PBXGroup;
			children = (
				F0D20A28218B73360014E08E /* Main.storyboard */,
				F0D20A2D218B73370014E08E /* LaunchScreen.storyboard */,
				F0D20A39218B7D130014E08E /* DrawingView.swift */,
				F049B5892193817F00B1A8E9 /* ArtCell.swift */,
			);
			path = View;
			sourceTree = "<group>";
		};
		F0D20A38218B737B0014E08E /* Controller */ = {
			isa = PBXGroup;
			children = (
				F0D20A26218B73360014E08E /* DrawingViewController.swift */,
				F049B587219371FA00B1A8E9 /* ArtCollectionViewController.swift */,
			);
			path = Controller;
			sourceTree = "<group>";
		};
/* End PBXGroup section */

/* Begin PBXNativeTarget section */
		F0D20A20218B73360014E08E /* DrawingProject */ = {
			isa = PBXNativeTarget;
			buildConfigurationList = F0D20A33218B73370014E08E /* Build configuration list for PBXNativeTarget "DrawingProject" */;
			buildPhases = (
				F0D20A1D218B73360014E08E /* Sources */,
				F0D20A1E218B73360014E08E /* Frameworks */,
				F0D20A1F218B73360014E08E /* Resources */,
			);
			buildRules = (
			);
			dependencies = (
			);
			name = DrawingProject;
			productName = DrawingProject;
			productReference = F0D20A21218B73360014E08E /* DrawingProject.app */;
			productType = "com.apple.product-type.application";
		};
/* End PBXNativeTarget section */

/* Begin PBXProject section */
		F0D20A19218B73350014E08E /* Project object */ = {
			isa = PBXProject;
			attributes = {
				LastSwiftUpdateCheck = 0940;
				LastUpgradeCheck = 0940;
				ORGANIZATIONNAME = "Baugh, Tyler";
				TargetAttributes = {
					F0D20A20218B73360014E08E = {
						CreatedOnToolsVersion = 9.4.1;
					};
				};
			};
			buildConfigurationList = F0D20A1C218B73350014E08E /* Build configuration list for PBXProject "DrawingProject" */;
			compatibilityVersion = "Xcode 9.3";
			developmentRegion = en;
			hasScannedForEncodings = 0;
			knownRegions = (
				en,
				Base,
			);
			mainGroup = F0D20A18218B73350014E08E;
			productRefGroup = F0D20A22218B73360014E08E /* Products */;
			projectDirPath = "";
			projectRoot = "";
			targets = (
				F0D20A20218B73360014E08E /* DrawingProject */,
			);
		};
/* End PBXProject section */

/* Begin PBXResourcesBuildPhase section */
		F0D20A1F218B73360014E08E /* Resources */ = {
			isa = PBXResourcesBuildPhase;
			buildActionMask = 2147483647;
			files = (
				F0D20A2F218B73370014E08E /* LaunchScreen.storyboard in Resources */,
				F0D20A2C218B73370014E08E /* Assets.xcassets in Resources */,
				F0D20A2A218B73360014E08E /* Main.storyboard in Resources */,
			);
			runOnlyForDeploymentPostprocessing = 0;
		};
/* End PBXResourcesBuildPhase section */

/* Begin PBXSourcesBuildPhase section */
		F0D20A1D218B73360014E08E /* Sources */ = {
			isa = PBXSourcesBuildPhase;
			buildActionMask = 2147483647;
			files = (
				F0D20A3A218B7D130014E08E /* DrawingView.swift in Sources */,
				F0D20A27218B73360014E08E /* DrawingViewController.swift in Sources */,
				F049B58A2193817F00B1A8E9 /* ArtCell.swift in Sources */,
				F049B588219371FA00B1A8E9 /* ArtCollectionViewController.swift in Sources */,
				F0D20A25218B73360014E08E /* AppDelegate.swift in Sources */,
			);
			runOnlyForDeploymentPostprocessing = 0;
		};
/* End PBXSourcesBuildPhase section */

/* Begin PBXVariantGroup section */
		F0D20A28218B73360014E08E /* Main.storyboard */ = {
			isa = PBXVariantGroup;
			children = (
				F0D20A29218B73360014E08E /* Base */,
			);
			name = Main.storyboard;
			sourceTree = "<group>";
		};
		F0D20A2D218B73370014E08E /* LaunchScreen.storyboard */ = {
			isa = PBXVariantGroup;
			children = (
				F0D20A2E218B73370014E08E /* Base */,
			);
			name = LaunchScreen.storyboard;
			sourceTree = "<group>";
		};
/* End PBXVariantGroup section */

/* Begin XCBuildConfiguration section */
		F0D20A31218B73370014E08E /* Debug */ = {
			isa = XCBuildConfiguration;
			buildSettings = {
				ALWAYS_SEARCH_USER_PATHS = NO;
				CLANG_ANALYZER_NONNULL = YES;
				CLANG_ANALYZER_NUMBER_OBJECT_CONVERSION = YES_AGGRESSIVE;
				CLANG_CXX_LANGUAGE_STANDARD = "gnu++14";
				CLANG_CXX_LIBRARY = "libc++";
				CLANG_ENABLE_MODULES = YES;
				CLANG_ENABLE_OBJC_ARC = YES;
				CLANG_ENABLE_OBJC_WEAK = YES;
				CLANG_WARN_BLOCK_CAPTURE_AUTORELEASING = YES;
				CLANG_WARN_BOOL_CONVERSION = YES;
				CLANG_WARN_COMMA = YES;
				CLANG_WARN_CONSTANT_CONVERSION = YES;
				CLANG_WARN_DEPRECATED_OBJC_IMPLEMENTATIONS = YES;
				CLANG_WARN_DIRECT_OBJC_ISA_USAGE = YES_ERROR;
				CLANG_WARN_DOCUMENTATION_COMMENTS = YES;
				CLANG_WARN_EMPTY_BODY = YES;
				CLANG_WARN_ENUM_CONVERSION = YES;
				CLANG_WARN_INFINITE_RECURSION = YES;
				CLANG_WARN_INT_CONVERSION = YES;
				CLANG_WARN_NON_LITERAL_NULL_CONVERSION = YES;
				CLANG_WARN_OBJC_IMPLICIT_RETAIN_SELF = YES;
				CLANG_WARN_OBJC_LITERAL_CONVERSION = YES;
				CLANG_WARN_OBJC_ROOT_CLASS = YES_ERROR;
				CLANG_WARN_RANGE_LOOP_ANALYSIS = YES;
				CLANG_WARN_STRICT_PROTOTYPES = YES;
				CLANG_WARN_SUSPICIOUS_MOVE = YES;
				CLANG_WARN_UNGUARDED_AVAILABILITY = YES_AGGRESSIVE;
				CLANG_WARN_UNREACHABLE_CODE = YES;
				CLANG_WARN__DUPLICATE_METHOD_MATCH = YES;
				CODE_SIGN_IDENTITY = "iPhone Developer";
				COPY_PHASE_STRIP = NO;
				DEBUG_INFORMATION_FORMAT = dwarf;
				ENABLE_STRICT_OBJC_MSGSEND = YES;
				ENABLE_TESTABILITY = YES;
				GCC_C_LANGUAGE_STANDARD = gnu11;
				GCC_DYNAMIC_NO_PIC = NO;
				GCC_NO_COMMON_BLOCKS = YES;
				GCC_OPTIMIZATION_LEVEL = 0;
				GCC_PREPROCESSOR_DEFINITIONS = (
					"DEBUG=1",
					"$(inherited)",
				);
				GCC_WARN_64_TO_32_BIT_CONVERSION = YES;
				GCC_WARN_ABOUT_RETURN_TYPE = YES_ERROR;
				GCC_WARN_UNDECLARED_SELECTOR = YES;
				GCC_WARN_UNINITIALIZED_AUTOS = YES_AGGRESSIVE;
				GCC_WARN_UNUSED_FUNCTION = YES;
				GCC_WARN_UNUSED_VARIABLE = YES;
				IPHONEOS_DEPLOYMENT_TARGET = 11.4;
				MTL_ENABLE_DEBUG_INFO = YES;
				ONLY_ACTIVE_ARCH = YES;
				SDKROOT = iphoneos;
				SWIFT_ACTIVE_COMPILATION_CONDITIONS = DEBUG;
				SWIFT_OPTIMIZATION_LEVEL = "-Onone";
			};
			name = Debug;
		};
		F0D20A32218B73370014E08E /* Release */ = {
			isa = XCBuildConfiguration;
			buildSettings = {
				ALWAYS_SEARCH_USER_PATHS = NO;
				CLANG_ANALYZER_NONNULL = YES;
				CLANG_ANALYZER_NUMBER_OBJECT_CONVERSION = YES_AGGRESSIVE;
				CLANG_CXX_LANGUAGE_STANDARD = "gnu++14";
				CLANG_CXX_LIBRARY = "libc++";
				CLANG_ENABLE_MODULES = YES;
				CLANG_ENABLE_OBJC_ARC = YES;
				CLANG_ENABLE_OBJC_WEAK = YES;
				CLANG_WARN_BLOCK_CAPTURE_AUTORELEASING = YES;
				CLANG_WARN_BOOL_CONVERSION = YES;
				CLANG_WARN_COMMA = YES;
				CLANG_WARN_CONSTANT_CONVERSION = YES;
				CLANG_WARN_DEPRECATED_OBJC_IMPLEMENTATIONS = YES;
				CLANG_WARN_DIRECT_OBJC_ISA_USAGE = YES_ERROR;
				CLANG_WARN_DOCUMENTATION_COMMENTS = YES;
				CLANG_WARN_EMPTY_BODY = YES;
				CLANG_WARN_ENUM_CONVERSION = YES;
				CLANG_WARN_INFINITE_RECURSION = YES;
				CLANG_WARN_INT_CONVERSION = YES;
				CLANG_WARN_NON_LITERAL_NULL_CONVERSION = YES;
				CLANG_WARN_OBJC_IMPLICIT_RETAIN_SELF = YES;
				CLANG_WARN_OBJC_LITERAL_CONVERSION = YES;
				CLANG_WARN_OBJC_ROOT_CLASS = YES_ERROR;
				CLANG_WARN_RANGE_LOOP_ANALYSIS = YES;
				CLANG_WARN_STRICT_PROTOTYPES = YES;
				CLANG_WARN_SUSPICIOUS_MOVE = YES;
				CLANG_WARN_UNGUARDED_AVAILABILITY = YES_AGGRESSIVE;
				CLANG_WARN_UNREACHABLE_CODE = YES;
				CLANG_WARN__DUPLICATE_METHOD_MATCH = YES;
				CODE_SIGN_IDENTITY = "iPhone Developer";
				COPY_PHASE_STRIP = NO;
				DEBUG_INFORMATION_FORMAT = "dwarf-with-dsym";
				ENABLE_NS_ASSERTIONS = NO;
				ENABLE_STRICT_OBJC_MSGSEND = YES;
				GCC_C_LANGUAGE_STANDARD = gnu11;
				GCC_NO_COMMON_BLOCKS = YES;
				GCC_WARN_64_TO_32_BIT_CONVERSION = YES;
				GCC_WARN_ABOUT_RETURN_TYPE = YES_ERROR;
				GCC_WARN_UNDECLARED_SELECTOR = YES;
				GCC_WARN_UNINITIALIZED_AUTOS = YES_AGGRESSIVE;
				GCC_WARN_UNUSED_FUNCTION = YES;
				GCC_WARN_UNUSED_VARIABLE = YES;
				IPHONEOS_DEPLOYMENT_TARGET = 11.4;
				MTL_ENABLE_DEBUG_INFO = NO;
				SDKROOT = iphoneos;
				SWIFT_COMPILATION_MODE = wholemodule;
				SWIFT_OPTIMIZATION_LEVEL = "-O";
				VALIDATE_PRODUCT = YES;
			};
			name = Release;
		};
		F0D20A34218B73370014E08E /* Debug */ = {
			isa = XCBuildConfiguration;
			buildSettings = {
				ASSETCATALOG_COMPILER_APPICON_NAME = AppIcon;
				CODE_SIGN_STYLE = Automatic;
				INFOPLIST_FILE = "$(SRCROOT)/DrawingProject/Resources/Info.plist";
				LD_RUNPATH_SEARCH_PATHS = (
					"$(inherited)",
					"@executable_path/Frameworks",
				);
				PRODUCT_BUNDLE_IDENTIFIER = CTEC.DrawingProject;
				PRODUCT_NAME = "$(TARGET_NAME)";
				SWIFT_VERSION = 4.0;
				TARGETED_DEVICE_FAMILY = "1,2";
			};
			name = Debug;
		};
		F0D20A35218B73370014E08E /* Release */ = {
			isa = XCBuildConfiguration;
			buildSettings = {
				ASSETCATALOG_COMPILER_APPICON_NAME = AppIcon;
				CODE_SIGN_STYLE = Automatic;
				INFOPLIST_FILE = "$(SRCROOT)/DrawingProject/Resources/Info.plist";
				LD_RUNPATH_SEARCH_PATHS = (
					"$(inherited)",
					"@executable_path/Frameworks",
				);
				PRODUCT_BUNDLE_IDENTIFIER = CTEC.DrawingProject;
				PRODUCT_NAME = "$(TARGET_NAME)";
				SWIFT_VERSION = 4.0;
				TARGETED_DEVICE_FAMILY = "1,2";
			};
			name = Release;
		};
/* End XCBuildConfiguration section */

/* Begin XCConfigurationList section */
		F0D20A1C218B73350014E08E /* Build configuration list for PBXProject "DrawingProject" */ = {
			isa = XCConfigurationList;
			buildConfigurations = (
				F0D20A31218B73370014E08E /* Debug */,
				F0D20A32218B73370014E08E /* Release */,
			);
			defaultConfigurationIsVisible = 0;
			defaultConfigurationName = Release;
		};
		F0D20A33218B73370014E08E /* Build configuration list for PBXNativeTarget "DrawingProject" */ = {
			isa = XCConfigurationList;
			buildConfigurations = (
				F0D20A34218B73370014E08E /* Debug */,
				F0D20A35218B73370014E08E /* Release */,
			);
			defaultConfigurationIsVisible = 0;
			defaultConfigurationName = Release;
		};
/* End XCConfigurationList section */
	};
	rootObject = F0D20A19218B73350014E08E /* Project object */;
}
